{
  "name": "lesson-3",
  "version": "1.0.0",
  "lockfileVersion": 3,
  "requires": true,
  "packages": {
    "": {
      "name": "lesson-3",
      "version": "1.0.0",
      "license": "ISC",
      "dependencies": {
        "product-fruits": "^1.0.26",
        "random-fruits-name": "^1.10.1"
      }
    },
    "node_modules/product-fruits": {
      "version": "1.0.26",
      "resolved": "https://registry.npmjs.org/product-fruits/-/product-fruits-1.0.26.tgz",
      "integrity": "sha512-cHanmffhzJEabcw5KCysAVklPu3tnwQITos0GHzeMza36ytipPnHbEbT6g3WQsP3gqK06w7qrhF6dLsCf6wGoA=="
    },
    "node_modules/random-fruits-name": {
      "version": "1.10.1",
      "resolved": "https://registry.npmjs.org/random-fruits-name/-/random-fruits-name-1.10.1.tgz",
      "integrity": "sha512-IDOKbtmTRoMoCZ+V5tP6u24wdKcQg5ffYKrfrGL6EXOSajSsjHCGvsHG1DPlKEv6SAMG0tz/RfV3at7Kd1pspw=="
    }
  }
}
